
Microsoft Visual Studio Solution File, Format Version 12.00
# Visual Studio 14
VisualStudioVersion = 14.0.25420.1
MinimumVisualStudioVersion = 10.0.40219.1
Project("{2150E333-8FDC-42A3-9474-1A3956D46DE8}") = "data", "data", "{794E35A8-AEC0-41CD-B141-A98E0813307B}"
EndProject
Project("{2150E333-8FDC-42A3-9474-1A3956D46DE8}") = "web", "web", "{9D13791A-6623-44A5-B4EC-74DB9FE4F549}"
EndProject
Project("{8BB2217D-0F2D-49D1-97BC-3654ED321F3B}") = "Reolin.Web.Api", "Reolin.Web.Api\Reolin.Web.Api.xproj", "{AAE1A33E-3FB7-47BB-8C07-C19ADAA048C2}"
EndProject
Project("{8BB2217D-0F2D-49D1-97BC-3654ED321F3B}") = "Reolin.Web.Security", "Reolin.Web.Security\Reolin.Web.Security.xproj", "{4FD9845C-3A58-4242-B697-D489525DF689}"
EndProject
Project("{8BB2217D-0F2D-49D1-97BC-3654ED321F3B}") = "Reolin.Web.Security.Membership", "Reolin.Web.Security.Membership\Reolin.Web.Security.Membership.xproj", "{8F0F642D-6E3F-4D37-951C-535E76D153AD}"
EndProject
Project("{8BB2217D-0F2D-49D1-97BC-3654ED321F3B}") = "Reolin.Web.Security.Membership.Core", "Reolin.Web.Security.Membership.Core\Reolin.Web.Security.Membership.Core.xproj", "{35F39A8A-796C-41E3-A8F9-21A19A75D433}"
EndProject
Project("{2150E333-8FDC-42A3-9474-1A3956D46DE8}") = "test", "test", "{2482BA64-20DA-4552-B70F-D57E7CA99CB7}"
EndProject
Project("{2150E333-8FDC-42A3-9474-1A3956D46DE8}") = "domain", "domain", "{99FA4CA5-3336-4602-80DC-54A0577E48C4}"
EndProject
Project("{8BB2217D-0F2D-49D1-97BC-3654ED321F3B}") = "Reolin.Data.Services.Core", "Reolin.Data.Services.Core\Reolin.Data.Services.Core.xproj", "{24084C99-8239-4F8F-86AC-78836527E6D5}"
EndProject
Project("{8BB2217D-0F2D-49D1-97BC-3654ED321F3B}") = "Reolin.Data.Services", "Reolin.Data.Services\Reolin.Data.Services.xproj", "{9D428C8C-1EEC-41D4-8591-16C7158EF76A}"
EndProject
Project("{8BB2217D-0F2D-49D1-97BC-3654ED321F3B}") = "Utilities", "Utilities\Utilities.xproj", "{96C280CA-AE2E-4C94-99EE-14A1F512CE9E}"
EndProject
Project("{FAE04EC0-301F-11D3-BF4B-00C04F79EFBC}") = "Reolin.Data", "Reolin.Data\Reolin.Data.csproj", "{7E94A2FC-F1F9-47A8-8DF8-014707618FE2}"
EndProject
Project("{FAE04EC0-301F-11D3-BF4B-00C04F79EFBC}") = "System.Data.EntityFramework.Config", "System.Data.EntityFramework.Config\System.Data.EntityFramework.Config.csproj", "{850546BB-303D-4ECC-8384-053BBA2D7CF0}"
EndProject
Project("{FAE04EC0-301F-11D3-BF4B-00C04F79EFBC}") = "Reolin.Data.Domain", "Reolin.Data.Domain\Reolin.Data.Domain.csproj", "{0993A7C6-E21B-496D-8933-8860CCF33B63}"
EndProject
Project("{FAE04EC0-301F-11D3-BF4B-00C04F79EFBC}") = "DatabaseTest", "DatabaseTest\DatabaseTest.csproj", "{ECC591BE-F756-4CB7-A3F8-5B25D60F2702}"
EndProject
Project("{FAE04EC0-301F-11D3-BF4B-00C04F79EFBC}") = "ServiceTest", "ServiceTest\ServiceTest.csproj", "{91E4A4A8-C3A0-43BC-872B-C62658B14356}"
EndProject
Global
	GlobalSection(SolutionConfigurationPlatforms) = preSolution
		Debug|Any CPU = Debug|Any CPU
		Release|Any CPU = Release|Any CPU
	EndGlobalSection
	GlobalSection(ProjectConfigurationPlatforms) = postSolution
		{AAE1A33E-3FB7-47BB-8C07-C19ADAA048C2}.Debug|Any CPU.ActiveCfg = Debug|Any CPU
		{AAE1A33E-3FB7-47BB-8C07-C19ADAA048C2}.Debug|Any CPU.Build.0 = Debug|Any CPU
		{AAE1A33E-3FB7-47BB-8C07-C19ADAA048C2}.Release|Any CPU.ActiveCfg = Release|Any CPU
		{AAE1A33E-3FB7-47BB-8C07-C19ADAA048C2}.Release|Any CPU.Build.0 = Release|Any CPU
		{4FD9845C-3A58-4242-B697-D489525DF689}.Debug|Any CPU.ActiveCfg = Debug|Any CPU
		{4FD9845C-3A58-4242-B697-D489525DF689}.Debug|Any CPU.Build.0 = Debug|Any CPU
		{4FD9845C-3A58-4242-B697-D489525DF689}.Release|Any CPU.ActiveCfg = Release|Any CPU
		{4FD9845C-3A58-4242-B697-D489525DF689}.Release|Any CPU.Build.0 = Release|Any CPU
		{8F0F642D-6E3F-4D37-951C-535E76D153AD}.Debug|Any CPU.ActiveCfg = Debug|Any CPU
		{8F0F642D-6E3F-4D37-951C-535E76D153AD}.Debug|Any CPU.Build.0 = Debug|Any CPU
		{8F0F642D-6E3F-4D37-951C-535E76D153AD}.Release|Any CPU.ActiveCfg = Release|Any CPU
		{8F0F642D-6E3F-4D37-951C-535E76D153AD}.Release|Any CPU.Build.0 = Release|Any CPU
		{35F39A8A-796C-41E3-A8F9-21A19A75D433}.Debug|Any CPU.ActiveCfg = Debug|Any CPU
		{35F39A8A-796C-41E3-A8F9-21A19A75D433}.Debug|Any CPU.Build.0 = Debug|Any CPU
		{35F39A8A-796C-41E3-A8F9-21A19A75D433}.Release|Any CPU.ActiveCfg = Release|Any CPU
		{35F39A8A-796C-41E3-A8F9-21A19A75D433}.Release|Any CPU.Build.0 = Release|Any CPU
		{24084C99-8239-4F8F-86AC-78836527E6D5}.Debug|Any CPU.ActiveCfg = Debug|Any CPU
		{24084C99-8239-4F8F-86AC-78836527E6D5}.Debug|Any CPU.Build.0 = Debug|Any CPU
		{24084C99-8239-4F8F-86AC-78836527E6D5}.Release|Any CPU.ActiveCfg = Release|Any CPU
		{24084C99-8239-4F8F-86AC-78836527E6D5}.Release|Any CPU.Build.0 = Release|Any CPU
		{9D428C8C-1EEC-41D4-8591-16C7158EF76A}.Debug|Any CPU.ActiveCfg = Debug|Any CPU
		{9D428C8C-1EEC-41D4-8591-16C7158EF76A}.Debug|Any CPU.Build.0 = Debug|Any CPU
		{9D428C8C-1EEC-41D4-8591-16C7158EF76A}.Release|Any CPU.ActiveCfg = Release|Any CPU
		{9D428C8C-1EEC-41D4-8591-16C7158EF76A}.Release|Any CPU.Build.0 = Release|Any CPU
		{96C280CA-AE2E-4C94-99EE-14A1F512CE9E}.Debug|Any CPU.ActiveCfg = Debug|Any CPU
		{96C280CA-AE2E-4C94-99EE-14A1F512CE9E}.Debug|Any CPU.Build.0 = Debug|Any CPU
		{96C280CA-AE2E-4C94-99EE-14A1F512CE9E}.Release|Any CPU.ActiveCfg = Release|Any CPU
		{96C280CA-AE2E-4C94-99EE-14A1F512CE9E}.Release|Any CPU.Build.0 = Release|Any CPU
		{7E94A2FC-F1F9-47A8-8DF8-014707618FE2}.Debug|Any CPU.ActiveCfg = Debug|Any CPU
		{7E94A2FC-F1F9-47A8-8DF8-014707618FE2}.Debug|Any CPU.Build.0 = Debug|Any CPU
		{7E94A2FC-F1F9-47A8-8DF8-014707618FE2}.Release|Any CPU.ActiveCfg = Release|Any CPU
		{7E94A2FC-F1F9-47A8-8DF8-014707618FE2}.Release|Any CPU.Build.0 = Release|Any CPU
		{850546BB-303D-4ECC-8384-053BBA2D7CF0}.Debug|Any CPU.ActiveCfg = Debug|Any CPU
		{850546BB-303D-4ECC-8384-053BBA2D7CF0}.Debug|Any CPU.Build.0 = Debug|Any CPU
		{850546BB-303D-4ECC-8384-053BBA2D7CF0}.Release|Any CPU.ActiveCfg = Release|Any CPU
		{850546BB-303D-4ECC-8384-053BBA2D7CF0}.Release|Any CPU.Build.0 = Release|Any CPU
		{0993A7C6-E21B-496D-8933-8860CCF33B63}.Debug|Any CPU.ActiveCfg = Debug|Any CPU
		{0993A7C6-E21B-496D-8933-8860CCF33B63}.Debug|Any CPU.Build.0 = Debug|Any CPU
		{0993A7C6-E21B-496D-8933-8860CCF33B63}.Release|Any CPU.ActiveCfg = Release|Any CPU
		{0993A7C6-E21B-496D-8933-8860CCF33B63}.Release|Any CPU.Build.0 = Release|Any CPU
		{ECC591BE-F756-4CB7-A3F8-5B25D60F2702}.Debug|Any CPU.ActiveCfg = Debug|Any CPU
		{ECC591BE-F756-4CB7-A3F8-5B25D60F2702}.Debug|Any CPU.Build.0 = Debug|Any CPU
		{ECC591BE-F756-4CB7-A3F8-5B25D60F2702}.Release|Any CPU.ActiveCfg = Release|Any CPU
		{ECC591BE-F756-4CB7-A3F8-5B25D60F2702}.Release|Any CPU.Build.0 = Release|Any CPU
		{91E4A4A8-C3A0-43BC-872B-C62658B14356}.Debug|Any CPU.ActiveCfg = Debug|Any CPU
		{91E4A4A8-C3A0-43BC-872B-C62658B14356}.Debug|Any CPU.Build.0 = Debug|Any CPU
		{91E4A4A8-C3A0-43BC-872B-C62658B14356}.Release|Any CPU.ActiveCfg = Release|Any CPU
		{91E4A4A8-C3A0-43BC-872B-C62658B14356}.Release|Any CPU.Build.0 = Release|Any CPU
	EndGlobalSection
	GlobalSection(SolutionProperties) = preSolution
		HideSolutionNode = FALSE
	EndGlobalSection
	GlobalSection(NestedProjects) = preSolution
		{AAE1A33E-3FB7-47BB-8C07-C19ADAA048C2} = {9D13791A-6623-44A5-B4EC-74DB9FE4F549}
		{4FD9845C-3A58-4242-B697-D489525DF689} = {9D13791A-6623-44A5-B4EC-74DB9FE4F549}
		{8F0F642D-6E3F-4D37-951C-535E76D153AD} = {9D13791A-6623-44A5-B4EC-74DB9FE4F549}
		{35F39A8A-796C-41E3-A8F9-21A19A75D433} = {9D13791A-6623-44A5-B4EC-74DB9FE4F549}
		{24084C99-8239-4F8F-86AC-78836527E6D5} = {794E35A8-AEC0-41CD-B141-A98E0813307B}
		{9D428C8C-1EEC-41D4-8591-16C7158EF76A} = {794E35A8-AEC0-41CD-B141-A98E0813307B}
		{7E94A2FC-F1F9-47A8-8DF8-014707618FE2} = {794E35A8-AEC0-41CD-B141-A98E0813307B}
		{850546BB-303D-4ECC-8384-053BBA2D7CF0} = {794E35A8-AEC0-41CD-B141-A98E0813307B}
		{0993A7C6-E21B-496D-8933-8860CCF33B63} = {99FA4CA5-3336-4602-80DC-54A0577E48C4}
		{ECC591BE-F756-4CB7-A3F8-5B25D60F2702} = {2482BA64-20DA-4552-B70F-D57E7CA99CB7}
		{91E4A4A8-C3A0-43BC-872B-C62658B14356} = {2482BA64-20DA-4552-B70F-D57E7CA99CB7}
	EndGlobalSection
EndGlobal
