
Microsoft Visual Studio Solution File, Format Version 12.00
# Visual Studio 15
VisualStudioVersion = 15.0.26228.4
MinimumVisualStudioVersion = 10.0.40219.1
Project("{2150E333-8FDC-42A3-9474-1A3956D46DE8}") = "data", "data", "{794E35A8-AEC0-41CD-B141-A98E0813307B}"
EndProject
Project("{2150E333-8FDC-42A3-9474-1A3956D46DE8}") = "web", "web", "{9D13791A-6623-44A5-B4EC-74DB9FE4F549}"
EndProject
Project("{2150E333-8FDC-42A3-9474-1A3956D46DE8}") = "test", "test", "{2482BA64-20DA-4552-B70F-D57E7CA99CB7}"
EndProject
Project("{2150E333-8FDC-42A3-9474-1A3956D46DE8}") = "domain", "domain", "{99FA4CA5-3336-4602-80DC-54A0577E48C4}"
EndProject
Project("{2150E333-8FDC-42A3-9474-1A3956D46DE8}") = "diagnostics", "diagnostics", "{FC9A4D8E-F45A-4BF3-9FC8-514FF0BB70AA}"
EndProject
Project("{9A19103F-16F7-4668-BE54-9A1E7A4F7556}") = "Reolin.Web.Api", "Reolin.Web.Api\Reolin.Web.Api.csproj", "{AAE1A33E-3FB7-47BB-8C07-C19ADAA048C2}"
EndProject
Project("{9A19103F-16F7-4668-BE54-9A1E7A4F7556}") = "Reolin.Web.Security", "Reolin.Web.Security\Reolin.Web.Security.csproj", "{4FD9845C-3A58-4242-B697-D489525DF689}"
EndProject
Project("{9A19103F-16F7-4668-BE54-9A1E7A4F7556}") = "Reolin.Web.Security.Membership", "Reolin.Web.Security.Membership\Reolin.Web.Security.Membership.csproj", "{8F0F642D-6E3F-4D37-951C-535E76D153AD}"
EndProject
Project("{9A19103F-16F7-4668-BE54-9A1E7A4F7556}") = "Reolin.Web.Security.Membership.Core", "Reolin.Web.Security.Membership.Core\Reolin.Web.Security.Membership.Core.csproj", "{35F39A8A-796C-41E3-A8F9-21A19A75D433}"
EndProject
Project("{9A19103F-16F7-4668-BE54-9A1E7A4F7556}") = "Reolin.Data.Services.Core", "Reolin.Data.Services.Core\Reolin.Data.Services.Core.csproj", "{24084C99-8239-4F8F-86AC-78836527E6D5}"
EndProject
Project("{9A19103F-16F7-4668-BE54-9A1E7A4F7556}") = "Reolin.Data.Services", "Reolin.Data.Services\Reolin.Data.Services.csproj", "{9D428C8C-1EEC-41D4-8591-16C7158EF76A}"
EndProject
Project("{9A19103F-16F7-4668-BE54-9A1E7A4F7556}") = "Utilities", "Utilities\Utilities.csproj", "{96C280CA-AE2E-4C94-99EE-14A1F512CE9E}"
EndProject
Project("{FAE04EC0-301F-11D3-BF4B-00C04F79EFBC}") = "Reolin.Data", "Reolin.Data\Reolin.Data.csproj", "{7E94A2FC-F1F9-47A8-8DF8-014707618FE2}"
EndProject
Project("{FAE04EC0-301F-11D3-BF4B-00C04F79EFBC}") = "System.Data.EntityFramework.Config", "System.Data.EntityFramework.Config\System.Data.EntityFramework.Config.csproj", "{850546BB-303D-4ECC-8384-053BBA2D7CF0}"
EndProject
Project("{FAE04EC0-301F-11D3-BF4B-00C04F79EFBC}") = "Reolin.Data.Domain", "Reolin.Data.Domain\Reolin.Data.Domain.csproj", "{0993A7C6-E21B-496D-8933-8860CCF33B63}"
EndProject
Project("{FAE04EC0-301F-11D3-BF4B-00C04F79EFBC}") = "DatabaseTest", "DatabaseTest\DatabaseTest.csproj", "{ECC591BE-F756-4CB7-A3F8-5B25D60F2702}"
EndProject
Project("{FAE04EC0-301F-11D3-BF4B-00C04F79EFBC}") = "ServiceTest", "ServiceTest\ServiceTest.csproj", "{91E4A4A8-C3A0-43BC-872B-C62658B14356}"
EndProject
Project("{FAE04EC0-301F-11D3-BF4B-00C04F79EFBC}") = "Reolin.Diagnostics.Logging", "Reolin.Diagnostics.Logging\Reolin.Diagnostics.Logging.csproj", "{311A2D66-1F72-410A-BE08-C5601B99676B}"
EndProject
Project("{F088123C-0E9E-452A-89E6-6BA2F21D5CAC}") = "MainUMLProject", "MainUMLProject\MainUMLProject.modelproj", "{11261D80-EA4C-44E4-B1F7-16AE488E73EE}"
EndProject
Project("{FAE04EC0-301F-11D3-BF4B-00C04F79EFBC}") = "JwtTests", "JwtTests\JwtTests.csproj", "{9551F3AD-D4EA-418A-ADEF-0E08F8995563}"
EndProject
Project("{FAE04EC0-301F-11D3-BF4B-00C04F79EFBC}") = "Reolin.Data.DTO", "Reolin.Data.DTO\Reolin.Data.DTO.csproj", "{1A7494B9-590B-4AAD-A6F8-CCB5079E64D2}"
EndProject
Project("{FAE04EC0-301F-11D3-BF4B-00C04F79EFBC}") = "ControllerUnitTest", "ControllerUnitTest\ControllerUnitTest.csproj", "{D294595C-B869-463B-AFB4-88514C0D40FB}"
EndProject
Project("{9A19103F-16F7-4668-BE54-9A1E7A4F7556}") = "Reolin.Web", "Reolin.Web\Reolin.Web.csproj", "{2972D9F3-04BF-41DE-912C-6C2D86155BB5}"
EndProject
Project("{FAE04EC0-301F-11D3-BF4B-00C04F79EFBC}") = "Reolin.Web.ViewModels", "Reolin.Web.ViewModels\Reolin.Web.ViewModels.csproj", "{893B78E4-CCC8-4C0B-A93D-BA01B7A2CF17}"
EndProject
Global
	GlobalSection(SolutionConfigurationPlatforms) = preSolution
		Debug|Any CPU = Debug|Any CPU
		Release|Any CPU = Release|Any CPU
	EndGlobalSection
	GlobalSection(ProjectConfigurationPlatforms) = postSolution
		{AAE1A33E-3FB7-47BB-8C07-C19ADAA048C2}.Debug|Any CPU.ActiveCfg = Debug|Any CPU
		{AAE1A33E-3FB7-47BB-8C07-C19ADAA048C2}.Debug|Any CPU.Build.0 = Debug|Any CPU
		{AAE1A33E-3FB7-47BB-8C07-C19ADAA048C2}.Release|Any CPU.ActiveCfg = Release|Any CPU
		{AAE1A33E-3FB7-47BB-8C07-C19ADAA048C2}.Release|Any CPU.Build.0 = Release|Any CPU
		{4FD9845C-3A58-4242-B697-D489525DF689}.Debug|Any CPU.ActiveCfg = Debug|Any CPU
		{4FD9845C-3A58-4242-B697-D489525DF689}.Debug|Any CPU.Build.0 = Debug|Any CPU
		{4FD9845C-3A58-4242-B697-D489525DF689}.Release|Any CPU.ActiveCfg = Release|Any CPU
		{4FD9845C-3A58-4242-B697-D489525DF689}.Release|Any CPU.Build.0 = Release|Any CPU
		{8F0F642D-6E3F-4D37-951C-535E76D153AD}.Debug|Any CPU.ActiveCfg = Debug|Any CPU
		{8F0F642D-6E3F-4D37-951C-535E76D153AD}.Debug|Any CPU.Build.0 = Debug|Any CPU
		{8F0F642D-6E3F-4D37-951C-535E76D153AD}.Release|Any CPU.ActiveCfg = Release|Any CPU
		{8F0F642D-6E3F-4D37-951C-535E76D153AD}.Release|Any CPU.Build.0 = Release|Any CPU
		{35F39A8A-796C-41E3-A8F9-21A19A75D433}.Debug|Any CPU.ActiveCfg = Debug|Any CPU
		{35F39A8A-796C-41E3-A8F9-21A19A75D433}.Debug|Any CPU.Build.0 = Debug|Any CPU
		{35F39A8A-796C-41E3-A8F9-21A19A75D433}.Release|Any CPU.ActiveCfg = Release|Any CPU
		{35F39A8A-796C-41E3-A8F9-21A19A75D433}.Release|Any CPU.Build.0 = Release|Any CPU
		{24084C99-8239-4F8F-86AC-78836527E6D5}.Debug|Any CPU.ActiveCfg = Debug|Any CPU
		{24084C99-8239-4F8F-86AC-78836527E6D5}.Debug|Any CPU.Build.0 = Debug|Any CPU
		{24084C99-8239-4F8F-86AC-78836527E6D5}.Release|Any CPU.ActiveCfg = Release|Any CPU
		{24084C99-8239-4F8F-86AC-78836527E6D5}.Release|Any CPU.Build.0 = Release|Any CPU
		{9D428C8C-1EEC-41D4-8591-16C7158EF76A}.Debug|Any CPU.ActiveCfg = Debug|Any CPU
		{9D428C8C-1EEC-41D4-8591-16C7158EF76A}.Debug|Any CPU.Build.0 = Debug|Any CPU
		{9D428C8C-1EEC-41D4-8591-16C7158EF76A}.Release|Any CPU.ActiveCfg = Release|Any CPU
		{9D428C8C-1EEC-41D4-8591-16C7158EF76A}.Release|Any CPU.Build.0 = Release|Any CPU
		{96C280CA-AE2E-4C94-99EE-14A1F512CE9E}.Debug|Any CPU.ActiveCfg = Debug|Any CPU
		{96C280CA-AE2E-4C94-99EE-14A1F512CE9E}.Debug|Any CPU.Build.0 = Debug|Any CPU
		{96C280CA-AE2E-4C94-99EE-14A1F512CE9E}.Release|Any CPU.ActiveCfg = Release|Any CPU
		{96C280CA-AE2E-4C94-99EE-14A1F512CE9E}.Release|Any CPU.Build.0 = Release|Any CPU
		{7E94A2FC-F1F9-47A8-8DF8-014707618FE2}.Debug|Any CPU.ActiveCfg = Debug|Any CPU
		{7E94A2FC-F1F9-47A8-8DF8-014707618FE2}.Debug|Any CPU.Build.0 = Debug|Any CPU
		{7E94A2FC-F1F9-47A8-8DF8-014707618FE2}.Release|Any CPU.ActiveCfg = Release|Any CPU
		{7E94A2FC-F1F9-47A8-8DF8-014707618FE2}.Release|Any CPU.Build.0 = Release|Any CPU
		{850546BB-303D-4ECC-8384-053BBA2D7CF0}.Debug|Any CPU.ActiveCfg = Debug|Any CPU
		{850546BB-303D-4ECC-8384-053BBA2D7CF0}.Debug|Any CPU.Build.0 = Debug|Any CPU
		{850546BB-303D-4ECC-8384-053BBA2D7CF0}.Release|Any CPU.ActiveCfg = Release|Any CPU
		{850546BB-303D-4ECC-8384-053BBA2D7CF0}.Release|Any CPU.Build.0 = Release|Any CPU
		{0993A7C6-E21B-496D-8933-8860CCF33B63}.Debug|Any CPU.ActiveCfg = Debug|Any CPU
		{0993A7C6-E21B-496D-8933-8860CCF33B63}.Debug|Any CPU.Build.0 = Debug|Any CPU
		{0993A7C6-E21B-496D-8933-8860CCF33B63}.Release|Any CPU.ActiveCfg = Release|Any CPU
		{0993A7C6-E21B-496D-8933-8860CCF33B63}.Release|Any CPU.Build.0 = Release|Any CPU
		{ECC591BE-F756-4CB7-A3F8-5B25D60F2702}.Debug|Any CPU.ActiveCfg = Debug|Any CPU
		{ECC591BE-F756-4CB7-A3F8-5B25D60F2702}.Debug|Any CPU.Build.0 = Debug|Any CPU
		{ECC591BE-F756-4CB7-A3F8-5B25D60F2702}.Release|Any CPU.ActiveCfg = Release|Any CPU
		{ECC591BE-F756-4CB7-A3F8-5B25D60F2702}.Release|Any CPU.Build.0 = Release|Any CPU
		{91E4A4A8-C3A0-43BC-872B-C62658B14356}.Debug|Any CPU.ActiveCfg = Debug|Any CPU
		{91E4A4A8-C3A0-43BC-872B-C62658B14356}.Debug|Any CPU.Build.0 = Debug|Any CPU
		{91E4A4A8-C3A0-43BC-872B-C62658B14356}.Release|Any CPU.ActiveCfg = Release|Any CPU
		{91E4A4A8-C3A0-43BC-872B-C62658B14356}.Release|Any CPU.Build.0 = Release|Any CPU
		{311A2D66-1F72-410A-BE08-C5601B99676B}.Debug|Any CPU.ActiveCfg = Debug|Any CPU
		{311A2D66-1F72-410A-BE08-C5601B99676B}.Debug|Any CPU.Build.0 = Debug|Any CPU
		{311A2D66-1F72-410A-BE08-C5601B99676B}.Release|Any CPU.ActiveCfg = Release|Any CPU
		{311A2D66-1F72-410A-BE08-C5601B99676B}.Release|Any CPU.Build.0 = Release|Any CPU
		{11261D80-EA4C-44E4-B1F7-16AE488E73EE}.Debug|Any CPU.ActiveCfg = Debug|Any CPU
		{11261D80-EA4C-44E4-B1F7-16AE488E73EE}.Debug|Any CPU.Build.0 = Debug|Any CPU
		{11261D80-EA4C-44E4-B1F7-16AE488E73EE}.Release|Any CPU.ActiveCfg = Release|Any CPU
		{11261D80-EA4C-44E4-B1F7-16AE488E73EE}.Release|Any CPU.Build.0 = Release|Any CPU
		{9551F3AD-D4EA-418A-ADEF-0E08F8995563}.Debug|Any CPU.ActiveCfg = Debug|Any CPU
		{9551F3AD-D4EA-418A-ADEF-0E08F8995563}.Debug|Any CPU.Build.0 = Debug|Any CPU
		{9551F3AD-D4EA-418A-ADEF-0E08F8995563}.Release|Any CPU.ActiveCfg = Release|Any CPU
		{9551F3AD-D4EA-418A-ADEF-0E08F8995563}.Release|Any CPU.Build.0 = Release|Any CPU
		{1A7494B9-590B-4AAD-A6F8-CCB5079E64D2}.Debug|Any CPU.ActiveCfg = Debug|Any CPU
		{1A7494B9-590B-4AAD-A6F8-CCB5079E64D2}.Debug|Any CPU.Build.0 = Debug|Any CPU
		{1A7494B9-590B-4AAD-A6F8-CCB5079E64D2}.Release|Any CPU.ActiveCfg = Release|Any CPU
		{1A7494B9-590B-4AAD-A6F8-CCB5079E64D2}.Release|Any CPU.Build.0 = Release|Any CPU
		{D294595C-B869-463B-AFB4-88514C0D40FB}.Debug|Any CPU.ActiveCfg = Debug|Any CPU
		{D294595C-B869-463B-AFB4-88514C0D40FB}.Debug|Any CPU.Build.0 = Debug|Any CPU
		{D294595C-B869-463B-AFB4-88514C0D40FB}.Release|Any CPU.ActiveCfg = Release|Any CPU
		{D294595C-B869-463B-AFB4-88514C0D40FB}.Release|Any CPU.Build.0 = Release|Any CPU
		{2972D9F3-04BF-41DE-912C-6C2D86155BB5}.Debug|Any CPU.ActiveCfg = Debug|Any CPU
		{2972D9F3-04BF-41DE-912C-6C2D86155BB5}.Debug|Any CPU.Build.0 = Debug|Any CPU
		{2972D9F3-04BF-41DE-912C-6C2D86155BB5}.Release|Any CPU.ActiveCfg = Release|Any CPU
		{2972D9F3-04BF-41DE-912C-6C2D86155BB5}.Release|Any CPU.Build.0 = Release|Any CPU
		{893B78E4-CCC8-4C0B-A93D-BA01B7A2CF17}.Debug|Any CPU.ActiveCfg = Debug|Any CPU
		{893B78E4-CCC8-4C0B-A93D-BA01B7A2CF17}.Debug|Any CPU.Build.0 = Debug|Any CPU
		{893B78E4-CCC8-4C0B-A93D-BA01B7A2CF17}.Release|Any CPU.ActiveCfg = Release|Any CPU
		{893B78E4-CCC8-4C0B-A93D-BA01B7A2CF17}.Release|Any CPU.Build.0 = Release|Any CPU
	EndGlobalSection
	GlobalSection(SolutionProperties) = preSolution
		HideSolutionNode = FALSE
	EndGlobalSection
	GlobalSection(NestedProjects) = preSolution
		{AAE1A33E-3FB7-47BB-8C07-C19ADAA048C2} = {9D13791A-6623-44A5-B4EC-74DB9FE4F549}
		{4FD9845C-3A58-4242-B697-D489525DF689} = {9D13791A-6623-44A5-B4EC-74DB9FE4F549}
		{8F0F642D-6E3F-4D37-951C-535E76D153AD} = {9D13791A-6623-44A5-B4EC-74DB9FE4F549}
		{35F39A8A-796C-41E3-A8F9-21A19A75D433} = {9D13791A-6623-44A5-B4EC-74DB9FE4F549}
		{24084C99-8239-4F8F-86AC-78836527E6D5} = {794E35A8-AEC0-41CD-B141-A98E0813307B}
		{9D428C8C-1EEC-41D4-8591-16C7158EF76A} = {794E35A8-AEC0-41CD-B141-A98E0813307B}
		{7E94A2FC-F1F9-47A8-8DF8-014707618FE2} = {794E35A8-AEC0-41CD-B141-A98E0813307B}
		{850546BB-303D-4ECC-8384-053BBA2D7CF0} = {794E35A8-AEC0-41CD-B141-A98E0813307B}
		{0993A7C6-E21B-496D-8933-8860CCF33B63} = {99FA4CA5-3336-4602-80DC-54A0577E48C4}
		{ECC591BE-F756-4CB7-A3F8-5B25D60F2702} = {2482BA64-20DA-4552-B70F-D57E7CA99CB7}
		{91E4A4A8-C3A0-43BC-872B-C62658B14356} = {2482BA64-20DA-4552-B70F-D57E7CA99CB7}
		{311A2D66-1F72-410A-BE08-C5601B99676B} = {FC9A4D8E-F45A-4BF3-9FC8-514FF0BB70AA}
		{9551F3AD-D4EA-418A-ADEF-0E08F8995563} = {2482BA64-20DA-4552-B70F-D57E7CA99CB7}
		{1A7494B9-590B-4AAD-A6F8-CCB5079E64D2} = {99FA4CA5-3336-4602-80DC-54A0577E48C4}
		{D294595C-B869-463B-AFB4-88514C0D40FB} = {2482BA64-20DA-4552-B70F-D57E7CA99CB7}
		{2972D9F3-04BF-41DE-912C-6C2D86155BB5} = {9D13791A-6623-44A5-B4EC-74DB9FE4F549}
		{893B78E4-CCC8-4C0B-A93D-BA01B7A2CF17} = {99FA4CA5-3336-4602-80DC-54A0577E48C4}
	EndGlobalSection
EndGlobal
